{
  "name": "openpets-system-resources",
  "version": "1.0.0",
  "lockfileVersion": 3,
  "requires": true,
  "packages": {
    "": {
      "name": "openpets-system-resources",
      "version": "1.0.0",
      "devDependencies": {
        "@open-pets/plugin-sdk": "^3.3.0"
      }
    },
    "node_modules/@open-pets/plugin-sdk": {
      "version": "3.3.0",
      "resolved": "https://registry.npmjs.org/@open-pets/plugin-sdk/-/plugin-sdk-3.3.0.tgz",
      "integrity": "sha512-31yQLXYrG8FhbCBKRMtbmUY2ga4JZTzbjZxu4uYF+xekqtb747qWZks6tvGgZPOKySB0BE2Uyx29xStO5+txgA==",
      "dev": true,
      "license": "MIT"
    }
  }
}
